
Microsoft Visual Studio Solution File, Format Version 12.00
# Visual Studio 14
VisualStudioVersion = 14.0.23107.0
MinimumVisualStudioVersion = 10.0.40219.1
Project("{FAE04EC0-301F-11D3-BF4B-00C04F79EFBC}") = "pi-web-api-cs-helper", "pi-web-api-cs-helper\pi-web-api-cs-helper.csproj", "{153F09EC-E109-40D3-8A37-2E61B500493D}"
EndProject
Project("{FAE04EC0-301F-11D3-BF4B-00C04F79EFBC}") = "pi-web-api-cs-readwritetag", "pi-web-api-cs-readwritetag\pi-web-api-cs-readwritetag.csproj", "{82CAED2B-3167-413F-B691-6385AC8391F0}"
EndProject
Global
	GlobalSection(SolutionConfigurationPlatforms) = preSolution
		Debug|Any CPU = Debug|Any CPU
		Release|Any CPU = Release|Any CPU
	EndGlobalSection
	GlobalSection(ProjectConfigurationPlatforms) = postSolution
		{153F09EC-E109-40D3-8A37-2E61B500493D}.Debug|Any CPU.ActiveCfg = Debug|Any CPU
		{153F09EC-E109-40D3-8A37-2E61B500493D}.Debug|Any CPU.Build.0 = Debug|Any CPU
		{153F09EC-E109-40D3-8A37-2E61B500493D}.Release|Any CPU.ActiveCfg = Release|Any CPU
		{153F09EC-E109-40D3-8A37-2E61B500493D}.Release|Any CPU.Build.0 = Release|Any CPU
		{82CAED2B-3167-413F-B691-6385AC8391F0}.Debug|Any CPU.ActiveCfg = Debug|Any CPU
		{82CAED2B-3167-413F-B691-6385AC8391F0}.Debug|Any CPU.Build.0 = Debug|Any CPU
		{82CAED2B-3167-413F-B691-6385AC8391F0}.Release|Any CPU.ActiveCfg = Release|Any CPU
		{82CAED2B-3167-413F-B691-6385AC8391F0}.Release|Any CPU.Build.0 = Release|Any CPU
	EndGlobalSection
	GlobalSection(SolutionProperties) = preSolution
		HideSolutionNode = FALSE
	EndGlobalSection
EndGlobal
